
Microsoft Visual Studio Solution File, Format Version 12.00
# Visual Studio 15
VisualStudioVersion = 15.0.27703.2018
MinimumVisualStudioVersion = 10.0.40219.1
Project("{FAE04EC0-301F-11D3-BF4B-00C04F79EFBC}") = "nunitest", "nunitest\nunitest.csproj", "{CD667561-8A81-4C68-9321-BFF6EA7AA7CE}"
EndProject
Global
	GlobalSection(SolutionConfigurationPlatforms) = preSolution
		Debug|Any CPU = Debug|Any CPU
		Release|Any CPU = Release|Any CPU
	EndGlobalSection
	GlobalSection(ProjectConfigurationPlatforms) = postSolution
		{CD667561-8A81-4C68-9321-BFF6EA7AA7CE}.Debug|Any CPU.ActiveCfg = Debug|Any CPU
		{CD667561-8A81-4C68-9321-BFF6EA7AA7CE}.Debug|Any CPU.Build.0 = Debug|Any CPU
		{CD667561-8A81-4C68-9321-BFF6EA7AA7CE}.Release|Any CPU.ActiveCfg = Release|Any CPU
		{CD667561-8A81-4C68-9321-BFF6EA7AA7CE}.Release|Any CPU.Build.0 = Release|Any CPU
	EndGlobalSection
	GlobalSection(SolutionProperties) = preSolution
		HideSolutionNode = FALSE
	EndGlobalSection
	GlobalSection(ExtensibilityGlobals) = postSolution
		SolutionGuid = {57ACE0F2-1200-495B-B797-EF775EC6C620}
	EndGlobalSection
EndGlobal
